
Microsoft Visual Studio Solution File, Format Version 12.00
# Visual Studio Version 17
VisualStudioVersion = 17.7.34003.232
MinimumVisualStudioVersion = 10.0.40219.1
Project("{FAE04EC0-301F-11D3-BF4B-00C04F79EFBC}") = "SquareProject.Server", "SquareProject\Server\SquareProject.Server.csproj", "{A2F2B777-458D-4A2A-A4B3-8CE7A3627F3D}"
EndProject
Project("{FAE04EC0-301F-11D3-BF4B-00C04F79EFBC}") = "SquareProject.Client", "SquareProject\Client\SquareProject.Client.csproj", "{758812B0-017B-490A-8BF6-88753B9C4C2A}"
EndProject
Project("{FAE04EC0-301F-11D3-BF4B-00C04F79EFBC}") = "SquareProject.Shared", "SquareProject\Shared\SquareProject.Shared.csproj", "{32790781-8C84-4A05-BFA4-86BBF5ED491C}"
EndProject
Global
	GlobalSection(SolutionConfigurationPlatforms) = preSolution
		Debug|Any CPU = Debug|Any CPU
		Release|Any CPU = Release|Any CPU
	EndGlobalSection
	GlobalSection(ProjectConfigurationPlatforms) = postSolution
		{A2F2B777-458D-4A2A-A4B3-8CE7A3627F3D}.Debug|Any CPU.ActiveCfg = Debug|Any CPU
		{A2F2B777-458D-4A2A-A4B3-8CE7A3627F3D}.Debug|Any CPU.Build.0 = Debug|Any CPU
		{A2F2B777-458D-4A2A-A4B3-8CE7A3627F3D}.Release|Any CPU.ActiveCfg = Release|Any CPU
		{A2F2B777-458D-4A2A-A4B3-8CE7A3627F3D}.Release|Any CPU.Build.0 = Release|Any CPU
		{758812B0-017B-490A-8BF6-88753B9C4C2A}.Debug|Any CPU.ActiveCfg = Debug|Any CPU
		{758812B0-017B-490A-8BF6-88753B9C4C2A}.Debug|Any CPU.Build.0 = Debug|Any CPU
		{758812B0-017B-490A-8BF6-88753B9C4C2A}.Release|Any CPU.ActiveCfg = Release|Any CPU
		{758812B0-017B-490A-8BF6-88753B9C4C2A}.Release|Any CPU.Build.0 = Release|Any CPU
		{32790781-8C84-4A05-BFA4-86BBF5ED491C}.Debug|Any CPU.ActiveCfg = Debug|Any CPU
		{32790781-8C84-4A05-BFA4-86BBF5ED491C}.Debug|Any CPU.Build.0 = Debug|Any CPU
		{32790781-8C84-4A05-BFA4-86BBF5ED491C}.Release|Any CPU.ActiveCfg = Release|Any CPU
		{32790781-8C84-4A05-BFA4-86BBF5ED491C}.Release|Any CPU.Build.0 = Release|Any CPU
	EndGlobalSection
	GlobalSection(SolutionProperties) = preSolution
		HideSolutionNode = FALSE
	EndGlobalSection
	GlobalSection(ExtensibilityGlobals) = postSolution
		SolutionGuid = {B05EB80F-E894-41EF-ACB9-FA6651647BEC}
	EndGlobalSection
EndGlobal
